
Microsoft Visual Studio Solution File, Format Version 12.00
# Visual Studio Version 17
VisualStudioVersion = 17.13.35818.85
MinimumVisualStudioVersion = 10.0.40219.1
Project("{FAE04EC0-301F-11D3-BF4B-00C04F79EFBC}") = "InternalJobPortalLibrary", "InternalJobPortalLibrary\InternalJobPortalLibrary.csproj", "{00E5D7A6-D399-494A-867F-4D8B99C14FB7}"
EndProject
Project("{FAE04EC0-301F-11D3-BF4B-00C04F79EFBC}") = "InternalJobPortalWebAPI", "InternalJobPortalWebAPI\InternalJobPortalWebAPI.csproj", "{4C2A8E62-546C-4580-B714-D5C339A539DF}"
EndProject
Project("{FAE04EC0-301F-11D3-BF4B-00C04F79EFBC}") = "InternalJobPortalMVC", "InternalJobPortalMVC\InternalJobPortalMVC.csproj", "{BE9AD78B-A31C-4E7E-84E3-2DAB8E8E307E}"
EndProject
Project("{00D1A9C2-B5F0-4AF3-8072-F6C62B433612}") = "InternalJobPortalDB", "InternalJobPortalDB\InternalJobPortalDB.sqlproj", "{B74AB3EA-7092-4440-BB44-C3007E18C587}"
EndProject
Global
	GlobalSection(SolutionConfigurationPlatforms) = preSolution
		Debug|Any CPU = Debug|Any CPU
		Release|Any CPU = Release|Any CPU
	EndGlobalSection
	GlobalSection(ProjectConfigurationPlatforms) = postSolution
		{00E5D7A6-D399-494A-867F-4D8B99C14FB7}.Debug|Any CPU.ActiveCfg = Debug|Any CPU
		{00E5D7A6-D399-494A-867F-4D8B99C14FB7}.Debug|Any CPU.Build.0 = Debug|Any CPU
		{00E5D7A6-D399-494A-867F-4D8B99C14FB7}.Release|Any CPU.ActiveCfg = Release|Any CPU
		{00E5D7A6-D399-494A-867F-4D8B99C14FB7}.Release|Any CPU.Build.0 = Release|Any CPU
		{4C2A8E62-546C-4580-B714-D5C339A539DF}.Debug|Any CPU.ActiveCfg = Debug|Any CPU
		{4C2A8E62-546C-4580-B714-D5C339A539DF}.Debug|Any CPU.Build.0 = Debug|Any CPU
		{4C2A8E62-546C-4580-B714-D5C339A539DF}.Release|Any CPU.ActiveCfg = Release|Any CPU
		{4C2A8E62-546C-4580-B714-D5C339A539DF}.Release|Any CPU.Build.0 = Release|Any CPU
		{BE9AD78B-A31C-4E7E-84E3-2DAB8E8E307E}.Debug|Any CPU.ActiveCfg = Debug|Any CPU
		{BE9AD78B-A31C-4E7E-84E3-2DAB8E8E307E}.Debug|Any CPU.Build.0 = Debug|Any CPU
		{BE9AD78B-A31C-4E7E-84E3-2DAB8E8E307E}.Release|Any CPU.ActiveCfg = Release|Any CPU
		{BE9AD78B-A31C-4E7E-84E3-2DAB8E8E307E}.Release|Any CPU.Build.0 = Release|Any CPU
		{B74AB3EA-7092-4440-BB44-C3007E18C587}.Debug|Any CPU.ActiveCfg = Debug|Any CPU
		{B74AB3EA-7092-4440-BB44-C3007E18C587}.Debug|Any CPU.Build.0 = Debug|Any CPU
		{B74AB3EA-7092-4440-BB44-C3007E18C587}.Debug|Any CPU.Deploy.0 = Debug|Any CPU
		{B74AB3EA-7092-4440-BB44-C3007E18C587}.Release|Any CPU.ActiveCfg = Release|Any CPU
		{B74AB3EA-7092-4440-BB44-C3007E18C587}.Release|Any CPU.Build.0 = Release|Any CPU
		{B74AB3EA-7092-4440-BB44-C3007E18C587}.Release|Any CPU.Deploy.0 = Release|Any CPU
	EndGlobalSection
	GlobalSection(SolutionProperties) = preSolution
		HideSolutionNode = FALSE
	EndGlobalSection
	GlobalSection(ExtensibilityGlobals) = postSolution
		SolutionGuid = {A07B3795-A76A-477F-9D27-8210AB5E7BC4}
	EndGlobalSection
EndGlobal
